// !$*UTF8*$!
{
	archiveVersion = 1;
	classes = {
	};
	objectVersion = 56;
	objects = {

/* Begin PBXBuildFile section */
		03CC861329918D5F0003D60F /* AppDelegate.swift in Sources */ = {isa = PBXBuildFile; fileRef = 03CC861229918D5F0003D60F /* AppDelegate.swift */; };
		03CC861529918D5F0003D60F /* SceneDelegate.swift in Sources */ = {isa = PBXBuildFile; fileRef = 03CC861429918D5F0003D60F /* SceneDelegate.swift */; };
		03CC861729918D5F0003D60F /* LoginVC.swift in Sources */ = {isa = PBXBuildFile; fileRef = 03CC861629918D5F0003D60F /* LoginVC.swift */; };
		03CC861D29918D5F0003D60F /* DesafioAppContas.xcdatamodeld in Sources */ = {isa = PBXBuildFile; fileRef = 03CC861B29918D5F0003D60F /* DesafioAppContas.xcdatamodeld */; };
		03CC861F29918D610003D60F /* Assets.xcassets in Resources */ = {isa = PBXBuildFile; fileRef = 03CC861E29918D610003D60F /* Assets.xcassets */; };
		03CC862229918D610003D60F /* LaunchScreen.storyboard in Resources */ = {isa = PBXBuildFile; fileRef = 03CC862029918D610003D60F /* LaunchScreen.storyboard */; };
		03CC862D29918D610003D60F /* DesafioAppContasTests.swift in Sources */ = {isa = PBXBuildFile; fileRef = 03CC862C29918D610003D60F /* DesafioAppContasTests.swift */; };
		03CC863729918D610003D60F /* DesafioAppContasUITests.swift in Sources */ = {isa = PBXBuildFile; fileRef = 03CC863629918D610003D60F /* DesafioAppContasUITests.swift */; };
		03CC863929918D610003D60F /* DesafioAppContasUITestsLaunchTests.swift in Sources */ = {isa = PBXBuildFile; fileRef = 03CC863829918D610003D60F /* DesafioAppContasUITestsLaunchTests.swift */; };
		03CC864D29919AC30003D60F /* GoogleService-Info.plist in Resources */ = {isa = PBXBuildFile; fileRef = 03CC864C29919AC30003D60F /* GoogleService-Info.plist */; };
		03CC865029919B590003D60F /* FirebaseAnalytics in Frameworks */ = {isa = PBXBuildFile; productRef = 03CC864F29919B590003D60F /* FirebaseAnalytics */; };
		03CC865229919B590003D60F /* FirebaseAuth in Frameworks */ = {isa = PBXBuildFile; productRef = 03CC865129919B590003D60F /* FirebaseAuth */; };
		03CC865429919B5A0003D60F /* FirebaseFirestore in Frameworks */ = {isa = PBXBuildFile; productRef = 03CC865329919B590003D60F /* FirebaseFirestore */; };
		03CC8657299279460003D60F /* LoginScreen.swift in Sources */ = {isa = PBXBuildFile; fileRef = 03CC8656299279460003D60F /* LoginScreen.swift */; };
		03CC865A29927ACE0003D60F /* LoginViewModel.swift in Sources */ = {isa = PBXBuildFile; fileRef = 03CC865929927ACE0003D60F /* LoginViewModel.swift */; };
		62734097FBBF70F44860724F /* Pods_DesafioAppContasTests.framework in Frameworks */ = {isa = PBXBuildFile; fileRef = 46FC2F1AB1006632CCFA2A54 /* Pods_DesafioAppContasTests.framework */; };
		7B1E95FE7ADE1A7F2C4ED3A5 /* Pods_DesafioAppContas_DesafioAppContasUITests.framework in Frameworks */ = {isa = PBXBuildFile; fileRef = 918D11D206B8740057AC48B7 /* Pods_DesafioAppContas_DesafioAppContasUITests.framework */; };
		C3CB4859D014146DD870B426 /* Pods_DesafioAppContas.framework in Frameworks */ = {isa = PBXBuildFile; fileRef = 0201A0292520FD099189351C /* Pods_DesafioAppContas.framework */; };
/* End PBXBuildFile section */

/* Begin PBXContainerItemProxy section */
		03CC862929918D610003D60F /* PBXContainerItemProxy */ = {
			isa = PBXContainerItemProxy;
			containerPortal = 03CC860729918D5F0003D60F /* Project object */;
			proxyType = 1;
			remoteGlobalIDString = 03CC860E29918D5F0003D60F;
			remoteInfo = DesafioAppContas;
		};
		03CC863329918D610003D60F /* PBXContainerItemProxy */ = {
			isa = PBXContainerItemProxy;
			containerPortal = 03CC860729918D5F0003D60F /* Project object */;
			proxyType = 1;
			remoteGlobalIDString = 03CC860E29918D5F0003D60F;
			remoteInfo = DesafioAppContas;
		};
/* End PBXContainerItemProxy section */

/* Begin PBXFileReference section */
		0201A0292520FD099189351C /* Pods_DesafioAppContas.framework */ = {isa = PBXFileReference; explicitFileType = wrapper.framework; includeInIndex = 0; path = Pods_DesafioAppContas.framework; sourceTree = BUILT_PRODUCTS_DIR; };
		03CC860F29918D5F0003D60F /* DesafioAppContas.app */ = {isa = PBXFileReference; explicitFileType = wrapper.application; includeInIndex = 0; path = DesafioAppContas.app; sourceTree = BUILT_PRODUCTS_DIR; };
		03CC861229918D5F0003D60F /* AppDelegate.swift */ = {isa = PBXFileReference; lastKnownFileType = sourcecode.swift; path = AppDelegate.swift; sourceTree = "<group>"; };
		03CC861429918D5F0003D60F /* SceneDelegate.swift */ = {isa = PBXFileReference; lastKnownFileType = sourcecode.swift; path = SceneDelegate.swift; sourceTree = "<group>"; };
		03CC861629918D5F0003D60F /* LoginVC.swift */ = {isa = PBXFileReference; lastKnownFileType = sourcecode.swift; path = LoginVC.swift; sourceTree = "<group>"; };
		03CC861C29918D5F0003D60F /* DesafioAppContas.xcdatamodel */ = {isa = PBXFileReference; lastKnownFileType = wrapper.xcdatamodel; path = DesafioAppContas.xcdatamodel; sourceTree = "<group>"; };
		03CC861E29918D610003D60F /* Assets.xcassets */ = {isa = PBXFileReference; lastKnownFileType = folder.assetcatalog; path = Assets.xcassets; sourceTree = "<group>"; };
		03CC862129918D610003D60F /* Base */ = {isa = PBXFileReference; lastKnownFileType = file.storyboard; name = Base; path = Base.lproj/LaunchScreen.storyboard; sourceTree = "<group>"; };
		03CC862329918D610003D60F /* Info.plist */ = {isa = PBXFileReference; lastKnownFileType = text.plist.xml; path = Info.plist; sourceTree = "<group>"; };
		03CC862829918D610003D60F /* DesafioAppContasTests.xctest */ = {isa = PBXFileReference; explicitFileType = wrapper.cfbundle; includeInIndex = 0; path = DesafioAppContasTests.xctest; sourceTree = BUILT_PRODUCTS_DIR; };
		03CC862C29918D610003D60F /* DesafioAppContasTests.swift */ = {isa = PBXFileReference; lastKnownFileType = sourcecode.swift; path = DesafioAppContasTests.swift; sourceTree = "<group>"; };
		03CC863229918D610003D60F /* DesafioAppContasUITests.xctest */ = {isa = PBXFileReference; explicitFileType = wrapper.cfbundle; includeInIndex = 0; path = DesafioAppContasUITests.xctest; sourceTree = BUILT_PRODUCTS_DIR; };
		03CC863629918D610003D60F /* DesafioAppContasUITests.swift */ = {isa = PBXFileReference; lastKnownFileType = sourcecode.swift; path = DesafioAppContasUITests.swift; sourceTree = "<group>"; };
		03CC863829918D610003D60F /* DesafioAppContasUITestsLaunchTests.swift */ = {isa = PBXFileReference; lastKnownFileType = sourcecode.swift; path = DesafioAppContasUITestsLaunchTests.swift; sourceTree = "<group>"; };
		03CC864C29919AC30003D60F /* GoogleService-Info.plist */ = {isa = PBXFileReference; fileEncoding = 4; lastKnownFileType = text.plist.xml; path = "GoogleService-Info.plist"; sourceTree = "<group>"; };
		03CC8656299279460003D60F /* LoginScreen.swift */ = {isa = PBXFileReference; lastKnownFileType = sourcecode.swift; path = LoginScreen.swift; sourceTree = "<group>"; };
		03CC865929927ACE0003D60F /* LoginViewModel.swift */ = {isa = PBXFileReference; lastKnownFileType = sourcecode.swift; path = LoginViewModel.swift; sourceTree = "<group>"; };
		1027CFDD00314B3A81224064 /* Pods-DesafioAppContas.release.xcconfig */ = {isa = PBXFileReference; includeInIndex = 1; lastKnownFileType = text.xcconfig; name = "Pods-DesafioAppContas.release.xcconfig"; path = "Target Support Files/Pods-DesafioAppContas/Pods-DesafioAppContas.release.xcconfig"; sourceTree = "<group>"; };
		12A6EAE7918C713A589DF351 /* Pods-DesafioAppContas-DesafioAppContasUITests.release.xcconfig */ = {isa = PBXFileReference; includeInIndex = 1; lastKnownFileType = text.xcconfig; name = "Pods-DesafioAppContas-DesafioAppContasUITests.release.xcconfig"; path = "Target Support Files/Pods-DesafioAppContas-DesafioAppContasUITests/Pods-DesafioAppContas-DesafioAppContasUITests.release.xcconfig"; sourceTree = "<group>"; };
		1D51B0A6CA87E71E6349B4BC /* Pods-DesafioAppContasTests.release.xcconfig */ = {isa = PBXFileReference; includeInIndex = 1; lastKnownFileType = text.xcconfig; name = "Pods-DesafioAppContasTests.release.xcconfig"; path = "Target Support Files/Pods-DesafioAppContasTests/Pods-DesafioAppContasTests.release.xcconfig"; sourceTree = "<group>"; };
		26EE1F62783E7B205E0E4DE4 /* Pods-DesafioAppContas.debug.xcconfig */ = {isa = PBXFileReference; includeInIndex = 1; lastKnownFileType = text.xcconfig; name = "Pods-DesafioAppContas.debug.xcconfig"; path = "Target Support Files/Pods-DesafioAppContas/Pods-DesafioAppContas.debug.xcconfig"; sourceTree = "<group>"; };
		46FC2F1AB1006632CCFA2A54 /* Pods_DesafioAppContasTests.framework */ = {isa = PBXFileReference; explicitFileType = wrapper.framework; includeInIndex = 0; path = Pods_DesafioAppContasTests.framework; sourceTree = BUILT_PRODUCTS_DIR; };
		602C75179D0F128D7965C629 /* Pods-DesafioAppContas-DesafioAppContasUITests.debug.xcconfig */ = {isa = PBXFileReference; includeInIndex = 1; lastKnownFileType = text.xcconfig; name = "Pods-DesafioAppContas-DesafioAppContasUITests.debug.xcconfig"; path = "Target Support Files/Pods-DesafioAppContas-DesafioAppContasUITests/Pods-DesafioAppContas-DesafioAppContasUITests.debug.xcconfig"; sourceTree = "<group>"; };
		918D11D206B8740057AC48B7 /* Pods_DesafioAppContas_DesafioAppContasUITests.framework */ = {isa = PBXFileReference; explicitFileType = wrapper.framework; includeInIndex = 0; path = Pods_DesafioAppContas_DesafioAppContasUITests.framework; sourceTree = BUILT_PRODUCTS_DIR; };
		E89828C498B54939FB56FF47 /* Pods-DesafioAppContasTests.debug.xcconfig */ = {isa = PBXFileReference; includeInIndex = 1; lastKnownFileType = text.xcconfig; name = "Pods-DesafioAppContasTests.debug.xcconfig"; path = "Target Support Files/Pods-DesafioAppContasTests/Pods-DesafioAppContasTests.debug.xcconfig"; sourceTree = "<group>"; };
/* End PBXFileReference section */

/* Begin PBXFrameworksBuildPhase section */
		03CC860C29918D5F0003D60F /* Frameworks */ = {
			isa = PBXFrameworksBuildPhase;
			buildActionMask = 2147483647;
			files = (
				03CC865029919B590003D60F /* FirebaseAnalytics in Frameworks */,
				03CC865229919B590003D60F /* FirebaseAuth in Frameworks */,
				03CC865429919B5A0003D60F /* FirebaseFirestore in Frameworks */,
				C3CB4859D014146DD870B426 /* Pods_DesafioAppContas.framework in Frameworks */,
			);
			runOnlyForDeploymentPostprocessing = 0;
		};
		03CC862529918D610003D60F /* Frameworks */ = {
			isa = PBXFrameworksBuildPhase;
			buildActionMask = 2147483647;
			files = (
				62734097FBBF70F44860724F /* Pods_DesafioAppContasTests.framework in Frameworks */,
			);
			runOnlyForDeploymentPostprocessing = 0;
		};
		03CC862F29918D610003D60F /* Frameworks */ = {
			isa = PBXFrameworksBuildPhase;
			buildActionMask = 2147483647;
			files = (
				7B1E95FE7ADE1A7F2C4ED3A5 /* Pods_DesafioAppContas_DesafioAppContasUITests.framework in Frameworks */,
			);
			runOnlyForDeploymentPostprocessing = 0;
		};
/* End PBXFrameworksBuildPhase section */

/* Begin PBXGroup section */
		03CC860629918D5F0003D60F = {
			isa = PBXGroup;
			children = (
				03CC861129918D5F0003D60F /* DesafioAppContas */,
				03CC862B29918D610003D60F /* DesafioAppContasTests */,
				03CC863529918D610003D60F /* DesafioAppContasUITests */,
				03CC861029918D5F0003D60F /* Products */,
				250BE1F22EFCB479CECA9EE9 /* Pods */,
				B3DCAEDE3FB851E1E9113B8B /* Frameworks */,
			);
			sourceTree = "<group>";
		};
		03CC861029918D5F0003D60F /* Products */ = {
			isa = PBXGroup;
			children = (
				03CC860F29918D5F0003D60F /* DesafioAppContas.app */,
				03CC862829918D610003D60F /* DesafioAppContasTests.xctest */,
				03CC863229918D610003D60F /* DesafioAppContasUITests.xctest */,
			);
			name = Products;
			sourceTree = "<group>";
		};
		03CC861129918D5F0003D60F /* DesafioAppContas */ = {
			isa = PBXGroup;
			children = (
				03CC8646299191370003D60F /* Source */,
				03CC864529918E040003D60F /* Resources */,
				03CC861B29918D5F0003D60F /* DesafioAppContas.xcdatamodeld */,
			);
			path = DesafioAppContas;
			sourceTree = "<group>";
		};
		03CC862B29918D610003D60F /* DesafioAppContasTests */ = {
			isa = PBXGroup;
			children = (
				03CC862C29918D610003D60F /* DesafioAppContasTests.swift */,
			);
			path = DesafioAppContasTests;
			sourceTree = "<group>";
		};
		03CC863529918D610003D60F /* DesafioAppContasUITests */ = {
			isa = PBXGroup;
			children = (
				03CC863629918D610003D60F /* DesafioAppContasUITests.swift */,
				03CC863829918D610003D60F /* DesafioAppContasUITestsLaunchTests.swift */,
			);
			path = DesafioAppContasUITests;
			sourceTree = "<group>";
		};
		03CC864529918E040003D60F /* Resources */ = {
			isa = PBXGroup;
			children = (
				03CC861E29918D610003D60F /* Assets.xcassets */,
				03CC862029918D610003D60F /* LaunchScreen.storyboard */,
				03CC862329918D610003D60F /* Info.plist */,
				03CC864C29919AC30003D60F /* GoogleService-Info.plist */,
			);
			path = Resources;
			sourceTree = "<group>";
		};
		03CC8646299191370003D60F /* Source */ = {
			isa = PBXGroup;
			children = (
				03CC8649299192600003D60F /* Feature */,
				03CC8648299191580003D60F /* AppDelegate */,
				03CC8647299191470003D60F /* SceneDelegate */,
			);
			path = Source;
			sourceTree = "<group>";
		};
		03CC8647299191470003D60F /* SceneDelegate */ = {
			isa = PBXGroup;
			children = (
				03CC861429918D5F0003D60F /* SceneDelegate.swift */,
			);
			path = SceneDelegate;
			sourceTree = "<group>";
		};
		03CC8648299191580003D60F /* AppDelegate */ = {
			isa = PBXGroup;
			children = (
				03CC861229918D5F0003D60F /* AppDelegate.swift */,
			);
			path = AppDelegate;
			sourceTree = "<group>";
		};
		03CC8649299192600003D60F /* Feature */ = {
			isa = PBXGroup;
			children = (
				03CC864A2991926D0003D60F /* Login */,
			);
			path = Feature;
			sourceTree = "<group>";
		};
		03CC864A2991926D0003D60F /* Login */ = {
			isa = PBXGroup;
			children = (
				03CC865829927AA60003D60F /* ViewModel */,
				03CC864B299192780003D60F /* VC */,
			);
			path = Login;
			sourceTree = "<group>";
		};
		03CC864B299192780003D60F /* VC */ = {
			isa = PBXGroup;
			children = (
				03CC8655299279270003D60F /* Screen */,
				03CC861629918D5F0003D60F /* LoginVC.swift */,
			);
			path = VC;
			sourceTree = "<group>";
		};
		03CC8655299279270003D60F /* Screen */ = {
			isa = PBXGroup;
			children = (
				03CC8656299279460003D60F /* LoginScreen.swift */,
			);
			path = Screen;
			sourceTree = "<group>";
		};
		03CC865829927AA60003D60F /* ViewModel */ = {
			isa = PBXGroup;
			children = (
				03CC865929927ACE0003D60F /* LoginViewModel.swift */,
			);
			path = ViewModel;
			sourceTree = "<group>";
		};
		250BE1F22EFCB479CECA9EE9 /* Pods */ = {
			isa = PBXGroup;
			children = (
				26EE1F62783E7B205E0E4DE4 /* Pods-DesafioAppContas.debug.xcconfig */,
				1027CFDD00314B3A81224064 /* Pods-DesafioAppContas.release.xcconfig */,
				602C75179D0F128D7965C629 /* Pods-DesafioAppContas-DesafioAppContasUITests.debug.xcconfig */,
				12A6EAE7918C713A589DF351 /* Pods-DesafioAppContas-DesafioAppContasUITests.release.xcconfig */,
				E89828C498B54939FB56FF47 /* Pods-DesafioAppContasTests.debug.xcconfig */,
				1D51B0A6CA87E71E6349B4BC /* Pods-DesafioAppContasTests.release.xcconfig */,
			);
			path = Pods;
			sourceTree = "<group>";
		};
		B3DCAEDE3FB851E1E9113B8B /* Frameworks */ = {
			isa = PBXGroup;
			children = (
				0201A0292520FD099189351C /* Pods_DesafioAppContas.framework */,
				918D11D206B8740057AC48B7 /* Pods_DesafioAppContas_DesafioAppContasUITests.framework */,
				46FC2F1AB1006632CCFA2A54 /* Pods_DesafioAppContasTests.framework */,
			);
			name = Frameworks;
			sourceTree = "<group>";
		};
/* End PBXGroup section */

/* Begin PBXNativeTarget section */
		03CC860E29918D5F0003D60F /* DesafioAppContas */ = {
			isa = PBXNativeTarget;
			buildConfigurationList = 03CC863C29918D610003D60F /* Build configuration list for PBXNativeTarget "DesafioAppContas" */;
			buildPhases = (
				3CD990673FBAC0ECCBE1D863 /* [CP] Check Pods Manifest.lock */,
				03CC860B29918D5F0003D60F /* Sources */,
				03CC860C29918D5F0003D60F /* Frameworks */,
				03CC860D29918D5F0003D60F /* Resources */,
				7C67C7D90046B6B570209355 /* [CP] Embed Pods Frameworks */,
			);
			buildRules = (
			);
			dependencies = (
			);
			name = DesafioAppContas;
			packageProductDependencies = (
				03CC864F29919B590003D60F /* FirebaseAnalytics */,
				03CC865129919B590003D60F /* FirebaseAuth */,
				03CC865329919B590003D60F /* FirebaseFirestore */,
			);
			productName = DesafioAppContas;
			productReference = 03CC860F29918D5F0003D60F /* DesafioAppContas.app */;
			productType = "com.apple.product-type.application";
		};
		03CC862729918D610003D60F /* DesafioAppContasTests */ = {
			isa = PBXNativeTarget;
			buildConfigurationList = 03CC863F29918D610003D60F /* Build configuration list for PBXNativeTarget "DesafioAppContasTests" */;
			buildPhases = (
				3EA319973ADA01575A6ED4DA /* [CP] Check Pods Manifest.lock */,
				03CC862429918D610003D60F /* Sources */,
				03CC862529918D610003D60F /* Frameworks */,
				03CC862629918D610003D60F /* Resources */,
			);
			buildRules = (
			);
			dependencies = (
				03CC862A29918D610003D60F /* PBXTargetDependency */,
			);
			name = DesafioAppContasTests;
			productName = DesafioAppContasTests;
			productReference = 03CC862829918D610003D60F /* DesafioAppContasTests.xctest */;
			productType = "com.apple.product-type.bundle.unit-test";
		};
		03CC863129918D610003D60F /* DesafioAppContasUITests */ = {
			isa = PBXNativeTarget;
			buildConfigurationList = 03CC864229918D610003D60F /* Build configuration list for PBXNativeTarget "DesafioAppContasUITests" */;
			buildPhases = (
				3A0294BAC3CC62372D8C0CA3 /* [CP] Check Pods Manifest.lock */,
				03CC862E29918D610003D60F /* Sources */,
				03CC862F29918D610003D60F /* Frameworks */,
				03CC863029918D610003D60F /* Resources */,
				8C74C5A3C8D1FFB2248CC3E7 /* [CP] Embed Pods Frameworks */,
			);
			buildRules = (
			);
			dependencies = (
				03CC863429918D610003D60F /* PBXTargetDependency */,
			);
			name = DesafioAppContasUITests;
			productName = DesafioAppContasUITests;
			productReference = 03CC863229918D610003D60F /* DesafioAppContasUITests.xctest */;
			productType = "com.apple.product-type.bundle.ui-testing";
		};
/* End PBXNativeTarget section */

/* Begin PBXProject section */
		03CC860729918D5F0003D60F /* Project object */ = {
			isa = PBXProject;
			attributes = {
				BuildIndependentTargetsInParallel = 1;
				LastSwiftUpdateCheck = 1420;
				LastUpgradeCheck = 1420;
				TargetAttributes = {
					03CC860E29918D5F0003D60F = {
						CreatedOnToolsVersion = 14.2;
					};
					03CC862729918D610003D60F = {
						CreatedOnToolsVersion = 14.2;
						TestTargetID = 03CC860E29918D5F0003D60F;
					};
					03CC863129918D610003D60F = {
						CreatedOnToolsVersion = 14.2;
						TestTargetID = 03CC860E29918D5F0003D60F;
					};
				};
			};
			buildConfigurationList = 03CC860A29918D5F0003D60F /* Build configuration list for PBXProject "DesafioAppContas" */;
			compatibilityVersion = "Xcode 14.0";
			developmentRegion = en;
			hasScannedForEncodings = 0;
			knownRegions = (
				en,
				Base,
			);
			mainGroup = 03CC860629918D5F0003D60F;
			packageReferences = (
				03CC864E29919B590003D60F /* XCRemoteSwiftPackageReference "firebase-ios-sdk" */,
			);
			productRefGroup = 03CC861029918D5F0003D60F /* Products */;
			projectDirPath = "";
			projectRoot = "";
			targets = (
				03CC860E29918D5F0003D60F /* DesafioAppContas */,
				03CC862729918D610003D60F /* DesafioAppContasTests */,
				03CC863129918D610003D60F /* DesafioAppContasUITests */,
			);
		};
/* End PBXProject section */

/* Begin PBXResourcesBuildPhase section */
		03CC860D29918D5F0003D60F /* Resources */ = {
			isa = PBXResourcesBuildPhase;
			buildActionMask = 2147483647;
			files = (
				03CC864D29919AC30003D60F /* GoogleService-Info.plist in Resources */,
				03CC862229918D610003D60F /* LaunchScreen.storyboard in Resources */,
				03CC861F29918D610003D60F /* Assets.xcassets in Resources */,
			);
			runOnlyForDeploymentPostprocessing = 0;
		};
		03CC862629918D610003D60F /* Resources */ = {
			isa = PBXResourcesBuildPhase;
			buildActionMask = 2147483647;
			files = (
			);
			runOnlyForDeploymentPostprocessing = 0;
		};
		03CC863029918D610003D60F /* Resources */ = {
			isa = PBXResourcesBuildPhase;
			buildActionMask = 2147483647;
			files = (
			);
			runOnlyForDeploymentPostprocessing = 0;
		};
/* End PBXResourcesBuildPhase section */

/* Begin PBXShellScriptBuildPhase section */
		3A0294BAC3CC62372D8C0CA3 /* [CP] Check Pods Manifest.lock */ = {
			isa = PBXShellScriptBuildPhase;
			buildActionMask = 2147483647;
			files = (
			);
			inputFileListPaths = (
			);
			inputPaths = (
				"${PODS_PODFILE_DIR_PATH}/Podfile.lock",
				"${PODS_ROOT}/Manifest.lock",
			);
			name = "[CP] Check Pods Manifest.lock";
			outputFileListPaths = (
			);
			outputPaths = (
				"$(DERIVED_FILE_DIR)/Pods-DesafioAppContas-DesafioAppContasUITests-checkManifestLockResult.txt",
			);
			runOnlyForDeploymentPostprocessing = 0;
			shellPath = /bin/sh;
			shellScript = "diff \"${PODS_PODFILE_DIR_PATH}/Podfile.lock\" \"${PODS_ROOT}/Manifest.lock\" > /dev/null\nif [ $? != 0 ] ; then\n    # print error to STDERR\n    echo \"error: The sandbox is not in sync with the Podfile.lock. Run 'pod install' or update your CocoaPods installation.\" >&2\n    exit 1\nfi\n# This output is used by Xcode 'outputs' to avoid re-running this script phase.\necho \"SUCCESS\" > \"${SCRIPT_OUTPUT_FILE_0}\"\n";
			showEnvVarsInLog = 0;
		};
		3CD990673FBAC0ECCBE1D863 /* [CP] Check Pods Manifest.lock */ = {
			isa = PBXShellScriptBuildPhase;
			buildActionMask = 2147483647;
			files = (
			);
			inputFileListPaths = (
			);
			inputPaths = (
				"${PODS_PODFILE_DIR_PATH}/Podfile.lock",
				"${PODS_ROOT}/Manifest.lock",
			);
			name = "[CP] Check Pods Manifest.lock";
			outputFileListPaths = (
			);
			outputPaths = (
				"$(DERIVED_FILE_DIR)/Pods-DesafioAppContas-checkManifestLockResult.txt",
			);
			runOnlyForDeploymentPostprocessing = 0;
			shellPath = /bin/sh;
			shellScript = "diff \"${PODS_PODFILE_DIR_PATH}/Podfile.lock\" \"${PODS_ROOT}/Manifest.lock\" > /dev/null\nif [ $? != 0 ] ; then\n    # print error to STDERR\n    echo \"error: The sandbox is not in sync with the Podfile.lock. Run 'pod install' or update your CocoaPods installation.\" >&2\n    exit 1\nfi\n# This output is used by Xcode 'outputs' to avoid re-running this script phase.\necho \"SUCCESS\" > \"${SCRIPT_OUTPUT_FILE_0}\"\n";
			showEnvVarsInLog = 0;
		};
		3EA319973ADA01575A6ED4DA /* [CP] Check Pods Manifest.lock */ = {
			isa = PBXShellScriptBuildPhase;
			buildActionMask = 2147483647;
			files = (
			);
			inputFileListPaths = (
			);
			inputPaths = (
				"${PODS_PODFILE_DIR_PATH}/Podfile.lock",
				"${PODS_ROOT}/Manifest.lock",
			);
			name = "[CP] Check Pods Manifest.lock";
			outputFileListPaths = (
			);
			outputPaths = (
				"$(DERIVED_FILE_DIR)/Pods-DesafioAppContasTests-checkManifestLockResult.txt",
			);
			runOnlyForDeploymentPostprocessing = 0;
			shellPath = /bin/sh;
			shellScript = "diff \"${PODS_PODFILE_DIR_PATH}/Podfile.lock\" \"${PODS_ROOT}/Manifest.lock\" > /dev/null\nif [ $? != 0 ] ; then\n    # print error to STDERR\n    echo \"error: The sandbox is not in sync with the Podfile.lock. Run 'pod install' or update your CocoaPods installation.\" >&2\n    exit 1\nfi\n# This output is used by Xcode 'outputs' to avoid re-running this script phase.\necho \"SUCCESS\" > \"${SCRIPT_OUTPUT_FILE_0}\"\n";
			showEnvVarsInLog = 0;
		};
		7C67C7D90046B6B570209355 /* [CP] Embed Pods Frameworks */ = {
			isa = PBXShellScriptBuildPhase;
			buildActionMask = 2147483647;
			files = (
			);
			inputFileListPaths = (
				"${PODS_ROOT}/Target Support Files/Pods-DesafioAppContas/Pods-DesafioAppContas-frameworks-${CONFIGURATION}-input-files.xcfilelist",
			);
			name = "[CP] Embed Pods Frameworks";
			outputFileListPaths = (
				"${PODS_ROOT}/Target Support Files/Pods-DesafioAppContas/Pods-DesafioAppContas-frameworks-${CONFIGURATION}-output-files.xcfilelist",
			);
			runOnlyForDeploymentPostprocessing = 0;
			shellPath = /bin/sh;
			shellScript = "\"${PODS_ROOT}/Target Support Files/Pods-DesafioAppContas/Pods-DesafioAppContas-frameworks.sh\"\n";
			showEnvVarsInLog = 0;
		};
		8C74C5A3C8D1FFB2248CC3E7 /* [CP] Embed Pods Frameworks */ = {
			isa = PBXShellScriptBuildPhase;
			buildActionMask = 2147483647;
			files = (
			);
			inputFileListPaths = (
				"${PODS_ROOT}/Target Support Files/Pods-DesafioAppContas-DesafioAppContasUITests/Pods-DesafioAppContas-DesafioAppContasUITests-frameworks-${CONFIGURATION}-input-files.xcfilelist",
			);
			name = "[CP] Embed Pods Frameworks";
			outputFileListPaths = (
				"${PODS_ROOT}/Target Support Files/Pods-DesafioAppContas-DesafioAppContasUITests/Pods-DesafioAppContas-DesafioAppContasUITests-frameworks-${CONFIGURATION}-output-files.xcfilelist",
			);
			runOnlyForDeploymentPostprocessing = 0;
			shellPath = /bin/sh;
			shellScript = "\"${PODS_ROOT}/Target Support Files/Pods-DesafioAppContas-DesafioAppContasUITests/Pods-DesafioAppContas-DesafioAppContasUITests-frameworks.sh\"\n";
			showEnvVarsInLog = 0;
		};
/* End PBXShellScriptBuildPhase section */

/* Begin PBXSourcesBuildPhase section */
		03CC860B29918D5F0003D60F /* Sources */ = {
			isa = PBXSourcesBuildPhase;
			buildActionMask = 2147483647;
			files = (
				03CC861729918D5F0003D60F /* LoginVC.swift in Sources */,
				03CC861D29918D5F0003D60F /* DesafioAppContas.xcdatamodeld in Sources */,
				03CC865A29927ACE0003D60F /* LoginViewModel.swift in Sources */,
				03CC861329918D5F0003D60F /* AppDelegate.swift in Sources */,
				03CC861529918D5F0003D60F /* SceneDelegate.swift in Sources */,
				03CC8657299279460003D60F /* LoginScreen.swift in Sources */,
			);
			runOnlyForDeploymentPostprocessing = 0;
		};
		03CC862429918D610003D60F /* Sources */ = {
			isa = PBXSourcesBuildPhase;
			buildActionMask = 2147483647;
			files = (
				03CC862D29918D610003D60F /* DesafioAppContasTests.swift in Sources */,
			);
			runOnlyForDeploymentPostprocessing = 0;
		};
		03CC862E29918D610003D60F /* Sources */ = {
			isa = PBXSourcesBuildPhase;
			buildActionMask = 2147483647;
			files = (
				03CC863929918D610003D60F /* DesafioAppContasUITestsLaunchTests.swift in Sources */,
				03CC863729918D610003D60F /* DesafioAppContasUITests.swift in Sources */,
			);
			runOnlyForDeploymentPostprocessing = 0;
		};
/* End PBXSourcesBuildPhase section */

/* Begin PBXTargetDependency section */
		03CC862A29918D610003D60F /* PBXTargetDependency */ = {
			isa = PBXTargetDependency;
			target = 03CC860E29918D5F0003D60F /* DesafioAppContas */;
			targetProxy = 03CC862929918D610003D60F /* PBXContainerItemProxy */;
		};
		03CC863429918D610003D60F /* PBXTargetDependency */ = {
			isa = PBXTargetDependency;
			target = 03CC860E29918D5F0003D60F /* DesafioAppContas */;
			targetProxy = 03CC863329918D610003D60F /* PBXContainerItemProxy */;
		};
/* End PBXTargetDependency section */

/* Begin PBXVariantGroup section */
		03CC862029918D610003D60F /* LaunchScreen.storyboard */ = {
			isa = PBXVariantGroup;
			children = (
				03CC862129918D610003D60F /* Base */,
			);
			name = LaunchScreen.storyboard;
			sourceTree = "<group>";
		};
/* End PBXVariantGroup section */

/* Begin XCBuildConfiguration section */
		03CC863A29918D610003D60F /* Debug */ = {
			isa = XCBuildConfiguration;
			buildSettings = {
				ALWAYS_SEARCH_USER_PATHS = NO;
				CLANG_ANALYZER_NONNULL = YES;
				CLANG_ANALYZER_NUMBER_OBJECT_CONVERSION = YES_AGGRESSIVE;
				CLANG_CXX_LANGUAGE_STANDARD = "gnu++20";
				CLANG_ENABLE_MODULES = YES;
				CLANG_ENABLE_OBJC_ARC = YES;
				CLANG_ENABLE_OBJC_WEAK = YES;
				CLANG_WARN_BLOCK_CAPTURE_AUTORELEASING = YES;
				CLANG_WARN_BOOL_CONVERSION = YES;
				CLANG_WARN_COMMA = YES;
				CLANG_WARN_CONSTANT_CONVERSION = YES;
				CLANG_WARN_DEPRECATED_OBJC_IMPLEMENTATIONS = YES;
				CLANG_WARN_DIRECT_OBJC_ISA_USAGE = YES_ERROR;
				CLANG_WARN_DOCUMENTATION_COMMENTS = YES;
				CLANG_WARN_EMPTY_BODY = YES;
				CLANG_WARN_ENUM_CONVERSION = YES;
				CLANG_WARN_INFINITE_RECURSION = YES;
				CLANG_WARN_INT_CONVERSION = YES;
				CLANG_WARN_NON_LITERAL_NULL_CONVERSION = YES;
				CLANG_WARN_OBJC_IMPLICIT_RETAIN_SELF = YES;
				CLANG_WARN_OBJC_LITERAL_CONVERSION = YES;
				CLANG_WARN_OBJC_ROOT_CLASS = YES_ERROR;
				CLANG_WARN_QUOTED_INCLUDE_IN_FRAMEWORK_HEADER = YES;
				CLANG_WARN_RANGE_LOOP_ANALYSIS = YES;
				CLANG_WARN_STRICT_PROTOTYPES = YES;
				CLANG_WARN_SUSPICIOUS_MOVE = YES;
				CLANG_WARN_UNGUARDED_AVAILABILITY = YES_AGGRESSIVE;
				CLANG_WARN_UNREACHABLE_CODE = YES;
				CLANG_WARN__DUPLICATE_METHOD_MATCH = YES;
				COPY_PHASE_STRIP = NO;
				DEBUG_INFORMATION_FORMAT = dwarf;
				ENABLE_STRICT_OBJC_MSGSEND = YES;
				ENABLE_TESTABILITY = YES;
				GCC_C_LANGUAGE_STANDARD = gnu11;
				GCC_DYNAMIC_NO_PIC = NO;
				GCC_NO_COMMON_BLOCKS = YES;
				GCC_OPTIMIZATION_LEVEL = 0;
				GCC_PREPROCESSOR_DEFINITIONS = (
					"DEBUG=1",
					"$(inherited)",
				);
				GCC_WARN_64_TO_32_BIT_CONVERSION = YES;
				GCC_WARN_ABOUT_RETURN_TYPE = YES_ERROR;
				GCC_WARN_UNDECLARED_SELECTOR = YES;
				GCC_WARN_UNINITIALIZED_AUTOS = YES_AGGRESSIVE;
				GCC_WARN_UNUSED_FUNCTION = YES;
				GCC_WARN_UNUSED_VARIABLE = YES;
				IPHONEOS_DEPLOYMENT_TARGET = 16.2;
				MTL_ENABLE_DEBUG_INFO = INCLUDE_SOURCE;
				MTL_FAST_MATH = YES;
				ONLY_ACTIVE_ARCH = YES;
				SDKROOT = iphoneos;
				SWIFT_ACTIVE_COMPILATION_CONDITIONS = DEBUG;
				SWIFT_OPTIMIZATION_LEVEL = "-Onone";
			};
			name = Debug;
		};
		03CC863B29918D610003D60F /* Release */ = {
			isa = XCBuildConfiguration;
			buildSettings = {
				ALWAYS_SEARCH_USER_PATHS = NO;
				CLANG_ANALYZER_NONNULL = YES;
				CLANG_ANALYZER_NUMBER_OBJECT_CONVERSION = YES_AGGRESSIVE;
				CLANG_CXX_LANGUAGE_STANDARD = "gnu++20";
				CLANG_ENABLE_MODULES = YES;
				CLANG_ENABLE_OBJC_ARC = YES;
				CLANG_ENABLE_OBJC_WEAK = YES;
				CLANG_WARN_BLOCK_CAPTURE_AUTORELEASING = YES;
				CLANG_WARN_BOOL_CONVERSION = YES;
				CLANG_WARN_COMMA = YES;
				CLANG_WARN_CONSTANT_CONVERSION = YES;
				CLANG_WARN_DEPRECATED_OBJC_IMPLEMENTATIONS = YES;
				CLANG_WARN_DIRECT_OBJC_ISA_USAGE = YES_ERROR;
				CLANG_WARN_DOCUMENTATION_COMMENTS = YES;
				CLANG_WARN_EMPTY_BODY = YES;
				CLANG_WARN_ENUM_CONVERSION = YES;
				CLANG_WARN_INFINITE_RECURSION = YES;
				CLANG_WARN_INT_CONVERSION = YES;
				CLANG_WARN_NON_LITERAL_NULL_CONVERSION = YES;
				CLANG_WARN_OBJC_IMPLICIT_RETAIN_SELF = YES;
				CLANG_WARN_OBJC_LITERAL_CONVERSION = YES;
				CLANG_WARN_OBJC_ROOT_CLASS = YES_ERROR;
				CLANG_WARN_QUOTED_INCLUDE_IN_FRAMEWORK_HEADER = YES;
				CLANG_WARN_RANGE_LOOP_ANALYSIS = YES;
				CLANG_WARN_STRICT_PROTOTYPES = YES;
				CLANG_WARN_SUSPICIOUS_MOVE = YES;
				CLANG_WARN_UNGUARDED_AVAILABILITY = YES_AGGRESSIVE;
				CLANG_WARN_UNREACHABLE_CODE = YES;
				CLANG_WARN__DUPLICATE_METHOD_MATCH = YES;
				COPY_PHASE_STRIP = NO;
				DEBUG_INFORMATION_FORMAT = "dwarf-with-dsym";
				ENABLE_NS_ASSERTIONS = NO;
				ENABLE_STRICT_OBJC_MSGSEND = YES;
				GCC_C_LANGUAGE_STANDARD = gnu11;
				GCC_NO_COMMON_BLOCKS = YES;
				GCC_WARN_64_TO_32_BIT_CONVERSION = YES;
				GCC_WARN_ABOUT_RETURN_TYPE = YES_ERROR;
				GCC_WARN_UNDECLARED_SELECTOR = YES;
				GCC_WARN_UNINITIALIZED_AUTOS = YES_AGGRESSIVE;
				GCC_WARN_UNUSED_FUNCTION = YES;
				GCC_WARN_UNUSED_VARIABLE = YES;
				IPHONEOS_DEPLOYMENT_TARGET = 16.2;
				MTL_ENABLE_DEBUG_INFO = NO;
				MTL_FAST_MATH = YES;
				SDKROOT = iphoneos;
				SWIFT_COMPILATION_MODE = wholemodule;
				SWIFT_OPTIMIZATION_LEVEL = "-O";
				VALIDATE_PRODUCT = YES;
			};
			name = Release;
		};
		03CC863D29918D610003D60F /* Debug */ = {
			isa = XCBuildConfiguration;
			baseConfigurationReference = 26EE1F62783E7B205E0E4DE4 /* Pods-DesafioAppContas.debug.xcconfig */;
			buildSettings = {
				ASSETCATALOG_COMPILER_APPICON_NAME = AppIcon;
				ASSETCATALOG_COMPILER_GLOBAL_ACCENT_COLOR_NAME = AccentColor;
				CODE_SIGN_STYLE = Automatic;
				CURRENT_PROJECT_VERSION = 1;
				DEVELOPMENT_TEAM = X24P9DA2X5;
				GENERATE_INFOPLIST_FILE = YES;
				INFOPLIST_FILE = DesafioAppContas/Resources/Info.plist;
				INFOPLIST_KEY_UIApplicationSupportsIndirectInputEvents = YES;
				INFOPLIST_KEY_UILaunchStoryboardName = LaunchScreen;
				INFOPLIST_KEY_UIMainStoryboardFile = "";
				INFOPLIST_KEY_UISupportedInterfaceOrientations_iPad = "UIInterfaceOrientationPortrait UIInterfaceOrientationPortraitUpsideDown UIInterfaceOrientationLandscapeLeft UIInterfaceOrientationLandscapeRight";
				INFOPLIST_KEY_UISupportedInterfaceOrientations_iPhone = "UIInterfaceOrientationPortrait UIInterfaceOrientationLandscapeLeft UIInterfaceOrientationLandscapeRight";
				LD_RUNPATH_SEARCH_PATHS = (
					"$(inherited)",
					"@executable_path/Frameworks",
				);
				MARKETING_VERSION = 1.0;
				PRODUCT_BUNDLE_IDENTIFIER = appContas.DesafioAppContas;
				PRODUCT_NAME = "$(TARGET_NAME)";
				SUPPORTED_PLATFORMS = "iphoneos iphonesimulator";
				SUPPORTS_MACCATALYST = NO;
				SUPPORTS_MAC_DESIGNED_FOR_IPHONE_IPAD = NO;
				SWIFT_EMIT_LOC_STRINGS = YES;
				SWIFT_VERSION = 5.0;
				TARGETED_DEVICE_FAMILY = "1,2";
			};
			name = Debug;
		};
		03CC863E29918D610003D60F /* Release */ = {
			isa = XCBuildConfiguration;
			baseConfigurationReference = 1027CFDD00314B3A81224064 /* Pods-DesafioAppContas.release.xcconfig */;
			buildSettings = {
				ASSETCATALOG_COMPILER_APPICON_NAME = AppIcon;
				ASSETCATALOG_COMPILER_GLOBAL_ACCENT_COLOR_NAME = AccentColor;
				CODE_SIGN_STYLE = Automatic;
				CURRENT_PROJECT_VERSION = 1;
				DEVELOPMENT_TEAM = X24P9DA2X5;
				GENERATE_INFOPLIST_FILE = YES;
				INFOPLIST_FILE = DesafioAppContas/Resources/Info.plist;
				INFOPLIST_KEY_UIApplicationSupportsIndirectInputEvents = YES;
				INFOPLIST_KEY_UILaunchStoryboardName = LaunchScreen;
				INFOPLIST_KEY_UIMainStoryboardFile = "";
				INFOPLIST_KEY_UISupportedInterfaceOrientations_iPad = "UIInterfaceOrientationPortrait UIInterfaceOrientationPortraitUpsideDown UIInterfaceOrientationLandscapeLeft UIInterfaceOrientationLandscapeRight";
				INFOPLIST_KEY_UISupportedInterfaceOrientations_iPhone = "UIInterfaceOrientationPortrait UIInterfaceOrientationLandscapeLeft UIInterfaceOrientationLandscapeRight";
				LD_RUNPATH_SEARCH_PATHS = (
					"$(inherited)",
					"@executable_path/Frameworks",
				);
				MARKETING_VERSION = 1.0;
				PRODUCT_BUNDLE_IDENTIFIER = appContas.DesafioAppContas;
				PRODUCT_NAME = "$(TARGET_NAME)";
				SUPPORTED_PLATFORMS = "iphoneos iphonesimulator";
				SUPPORTS_MACCATALYST = NO;
				SUPPORTS_MAC_DESIGNED_FOR_IPHONE_IPAD = NO;
				SWIFT_EMIT_LOC_STRINGS = YES;
				SWIFT_VERSION = 5.0;
				TARGETED_DEVICE_FAMILY = "1,2";
			};
			name = Release;
		};
		03CC864029918D610003D60F /* Debug */ = {
			isa = XCBuildConfiguration;
			baseConfigurationReference = E89828C498B54939FB56FF47 /* Pods-DesafioAppContasTests.debug.xcconfig */;
			buildSettings = {
				ALWAYS_EMBED_SWIFT_STANDARD_LIBRARIES = YES;
				BUNDLE_LOADER = "$(TEST_HOST)";
				CODE_SIGN_STYLE = Automatic;
				CURRENT_PROJECT_VERSION = 1;
				DEVELOPMENT_TEAM = X24P9DA2X5;
				GENERATE_INFOPLIST_FILE = YES;
				IPHONEOS_DEPLOYMENT_TARGET = 16.2;
				MARKETING_VERSION = 1.0;
				PRODUCT_BUNDLE_IDENTIFIER = appContas.DesafioAppContasTests;
				PRODUCT_NAME = "$(TARGET_NAME)";
				SWIFT_EMIT_LOC_STRINGS = NO;
				SWIFT_VERSION = 5.0;
				TARGETED_DEVICE_FAMILY = "1,2";
				TEST_HOST = "$(BUILT_PRODUCTS_DIR)/DesafioAppContas.app/$(BUNDLE_EXECUTABLE_FOLDER_PATH)/DesafioAppContas";
			};
			name = Debug;
		};
		03CC864129918D610003D60F /* Release */ = {
			isa = XCBuildConfiguration;
			baseConfigurationReference = 1D51B0A6CA87E71E6349B4BC /* Pods-DesafioAppContasTests.release.xcconfig */;
			buildSettings = {
				ALWAYS_EMBED_SWIFT_STANDARD_LIBRARIES = YES;
				BUNDLE_LOADER = "$(TEST_HOST)";
				CODE_SIGN_STYLE = Automatic;
				CURRENT_PROJECT_VERSION = 1;
				DEVELOPMENT_TEAM = X24P9DA2X5;
				GENERATE_INFOPLIST_FILE = YES;
				IPHONEOS_DEPLOYMENT_TARGET = 16.2;
				MARKETING_VERSION = 1.0;
				PRODUCT_BUNDLE_IDENTIFIER = appContas.DesafioAppContasTests;
				PRODUCT_NAME = "$(TARGET_NAME)";
				SWIFT_EMIT_LOC_STRINGS = NO;
				SWIFT_VERSION = 5.0;
				TARGETED_DEVICE_FAMILY = "1,2";
				TEST_HOST = "$(BUILT_PRODUCTS_DIR)/DesafioAppContas.app/$(BUNDLE_EXECUTABLE_FOLDER_PATH)/DesafioAppContas";
			};
			name = Release;
		};
		03CC864329918D610003D60F /* Debug */ = {
			isa = XCBuildConfiguration;
			baseConfigurationReference = 602C75179D0F128D7965C629 /* Pods-DesafioAppContas-DesafioAppContasUITests.debug.xcconfig */;
			buildSettings = {
				ALWAYS_EMBED_SWIFT_STANDARD_LIBRARIES = YES;
				CODE_SIGN_STYLE = Automatic;
				CURRENT_PROJECT_VERSION = 1;
				DEVELOPMENT_TEAM = X24P9DA2X5;
				GENERATE_INFOPLIST_FILE = YES;
				MARKETING_VERSION = 1.0;
				PRODUCT_BUNDLE_IDENTIFIER = appContas.DesafioAppContasUITests;
				PRODUCT_NAME = "$(TARGET_NAME)";
				SWIFT_EMIT_LOC_STRINGS = NO;
				SWIFT_VERSION = 5.0;
				TARGETED_DEVICE_FAMILY = "1,2";
				TEST_TARGET_NAME = DesafioAppContas;
			};
			name = Debug;
		};
		03CC864429918D610003D60F /* Release */ = {
			isa = XCBuildConfiguration;
			baseConfigurationReference = 12A6EAE7918C713A589DF351 /* Pods-DesafioAppContas-DesafioAppContasUITests.release.xcconfig */;
			buildSettings = {
				ALWAYS_EMBED_SWIFT_STANDARD_LIBRARIES = YES;
				CODE_SIGN_STYLE = Automatic;
				CURRENT_PROJECT_VERSION = 1;
				DEVELOPMENT_TEAM = X24P9DA2X5;
				GENERATE_INFOPLIST_FILE = YES;
				MARKETING_VERSION = 1.0;
				PRODUCT_BUNDLE_IDENTIFIER = appContas.DesafioAppContasUITests;
				PRODUCT_NAME = "$(TARGET_NAME)";
				SWIFT_EMIT_LOC_STRINGS = NO;
				SWIFT_VERSION = 5.0;
				TARGETED_DEVICE_FAMILY = "1,2";
				TEST_TARGET_NAME = DesafioAppContas;
			};
			name = Release;
		};
/* End XCBuildConfiguration section */

/* Begin XCConfigurationList section */
		03CC860A29918D5F0003D60F /* Build configuration list for PBXProject "DesafioAppContas" */ = {
			isa = XCConfigurationList;
			buildConfigurations = (
				03CC863A29918D610003D60F /* Debug */,
				03CC863B29918D610003D60F /* Release */,
			);
			defaultConfigurationIsVisible = 0;
			defaultConfigurationName = Release;
		};
		03CC863C29918D610003D60F /* Build configuration list for PBXNativeTarget "DesafioAppContas" */ = {
			isa = XCConfigurationList;
			buildConfigurations = (
				03CC863D29918D610003D60F /* Debug */,
				03CC863E29918D610003D60F /* Release */,
			);
			defaultConfigurationIsVisible = 0;
			defaultConfigurationName = Release;
		};
		03CC863F29918D610003D60F /* Build configuration list for PBXNativeTarget "DesafioAppContasTests" */ = {
			isa = XCConfigurationList;
			buildConfigurations = (
				03CC864029918D610003D60F /* Debug */,
				03CC864129918D610003D60F /* Release */,
			);
			defaultConfigurationIsVisible = 0;
			defaultConfigurationName = Release;
		};
		03CC864229918D610003D60F /* Build configuration list for PBXNativeTarget "DesafioAppContasUITests" */ = {
			isa = XCConfigurationList;
			buildConfigurations = (
				03CC864329918D610003D60F /* Debug */,
				03CC864429918D610003D60F /* Release */,
			);
			defaultConfigurationIsVisible = 0;
			defaultConfigurationName = Release;
		};
/* End XCConfigurationList section */

/* Begin XCRemoteSwiftPackageReference section */
		03CC864E29919B590003D60F /* XCRemoteSwiftPackageReference "firebase-ios-sdk" */ = {
			isa = XCRemoteSwiftPackageReference;
			repositoryURL = "https://github.com/firebase/firebase-ios-sdk";
			requirement = {
				branch = master;
				kind = branch;
			};
		};
/* End XCRemoteSwiftPackageReference section */

/* Begin XCSwiftPackageProductDependency section */
		03CC864F29919B590003D60F /* FirebaseAnalytics */ = {
			isa = XCSwiftPackageProductDependency;
			package = 03CC864E29919B590003D60F /* XCRemoteSwiftPackageReference "firebase-ios-sdk" */;
			productName = FirebaseAnalytics;
		};
		03CC865129919B590003D60F /* FirebaseAuth */ = {
			isa = XCSwiftPackageProductDependency;
			package = 03CC864E29919B590003D60F /* XCRemoteSwiftPackageReference "firebase-ios-sdk" */;
			productName = FirebaseAuth;
		};
		03CC865329919B590003D60F /* FirebaseFirestore */ = {
			isa = XCSwiftPackageProductDependency;
			package = 03CC864E29919B590003D60F /* XCRemoteSwiftPackageReference "firebase-ios-sdk" */;
			productName = FirebaseFirestore;
		};
/* End XCSwiftPackageProductDependency section */

/* Begin XCVersionGroup section */
		03CC861B29918D5F0003D60F /* DesafioAppContas.xcdatamodeld */ = {
			isa = XCVersionGroup;
			children = (
				03CC861C29918D5F0003D60F /* DesafioAppContas.xcdatamodel */,
			);
			currentVersion = 03CC861C29918D5F0003D60F /* DesafioAppContas.xcdatamodel */;
			path = DesafioAppContas.xcdatamodeld;
			sourceTree = "<group>";
			versionGroupType = wrapper.xcdatamodel;
		};
/* End XCVersionGroup section */
	};
	rootObject = 03CC860729918D5F0003D60F /* Project object */;
}
