// !$*UTF8*$!
{
	archiveVersion = 1;
	classes = {
	};
	objectVersion = 56;
	objects = {

/* Begin PBXBuildFile section */
		03CC861329918D5F0003D60F /* AppDelegate.swift in Sources */ = {isa = PBXBuildFile; fileRef = 03CC861229918D5F0003D60F /* AppDelegate.swift */; };
		03CC861529918D5F0003D60F /* SceneDelegate.swift in Sources */ = {isa = PBXBuildFile; fileRef = 03CC861429918D5F0003D60F /* SceneDelegate.swift */; };
		03CC861729918D5F0003D60F /* HomeVC.swift in Sources */ = {isa = PBXBuildFile; fileRef = 03CC861629918D5F0003D60F /* HomeVC.swift */; };
		03CC861D29918D5F0003D60F /* DesafioAppContas.xcdatamodeld in Sources */ = {isa = PBXBuildFile; fileRef = 03CC861B29918D5F0003D60F /* DesafioAppContas.xcdatamodeld */; };
		03CC861F29918D610003D60F /* Assets.xcassets in Resources */ = {isa = PBXBuildFile; fileRef = 03CC861E29918D610003D60F /* Assets.xcassets */; };
		03CC862229918D610003D60F /* LaunchScreen.storyboard in Resources */ = {isa = PBXBuildFile; fileRef = 03CC862029918D610003D60F /* LaunchScreen.storyboard */; };
		03CC862D29918D610003D60F /* DesafioAppContasTests.swift in Sources */ = {isa = PBXBuildFile; fileRef = 03CC862C29918D610003D60F /* DesafioAppContasTests.swift */; };
		03CC863729918D610003D60F /* DesafioAppContasUITests.swift in Sources */ = {isa = PBXBuildFile; fileRef = 03CC863629918D610003D60F /* DesafioAppContasUITests.swift */; };
		03CC863929918D610003D60F /* DesafioAppContasUITestsLaunchTests.swift in Sources */ = {isa = PBXBuildFile; fileRef = 03CC863829918D610003D60F /* DesafioAppContasUITestsLaunchTests.swift */; };
		03CC864D29919AC30003D60F /* GoogleService-Info.plist in Resources */ = {isa = PBXBuildFile; fileRef = 03CC864C29919AC30003D60F /* GoogleService-Info.plist */; };
		03CC865029919B590003D60F /* FirebaseAnalytics in Frameworks */ = {isa = PBXBuildFile; productRef = 03CC864F29919B590003D60F /* FirebaseAnalytics */; };
		03CC865229919B590003D60F /* FirebaseAuth in Frameworks */ = {isa = PBXBuildFile; productRef = 03CC865129919B590003D60F /* FirebaseAuth */; };
		03CC865429919B5A0003D60F /* FirebaseFirestore in Frameworks */ = {isa = PBXBuildFile; productRef = 03CC865329919B590003D60F /* FirebaseFirestore */; };
/* End PBXBuildFile section */

/* Begin PBXContainerItemProxy section */
		03CC862929918D610003D60F /* PBXContainerItemProxy */ = {
			isa = PBXContainerItemProxy;
			containerPortal = 03CC860729918D5F0003D60F /* Project object */;
			proxyType = 1;
			remoteGlobalIDString = 03CC860E29918D5F0003D60F;
			remoteInfo = DesafioAppContas;
		};
		03CC863329918D610003D60F /* PBXContainerItemProxy */ = {
			isa = PBXContainerItemProxy;
			containerPortal = 03CC860729918D5F0003D60F /* Project object */;
			proxyType = 1;
			remoteGlobalIDString = 03CC860E29918D5F0003D60F;
			remoteInfo = DesafioAppContas;
		};
/* End PBXContainerItemProxy section */

/* Begin PBXFileReference section */
		03CC860F29918D5F0003D60F /* DesafioAppContas.app */ = {isa = PBXFileReference; explicitFileType = wrapper.application; includeInIndex = 0; path = DesafioAppContas.app; sourceTree = BUILT_PRODUCTS_DIR; };
		03CC861229918D5F0003D60F /* AppDelegate.swift */ = {isa = PBXFileReference; lastKnownFileType = sourcecode.swift; path = AppDelegate.swift; sourceTree = "<group>"; };
		03CC861429918D5F0003D60F /* SceneDelegate.swift */ = {isa = PBXFileReference; lastKnownFileType = sourcecode.swift; path = SceneDelegate.swift; sourceTree = "<group>"; };
		03CC861629918D5F0003D60F /* HomeVC.swift */ = {isa = PBXFileReference; lastKnownFileType = sourcecode.swift; path = HomeVC.swift; sourceTree = "<group>"; };
		03CC861C29918D5F0003D60F /* DesafioAppContas.xcdatamodel */ = {isa = PBXFileReference; lastKnownFileType = wrapper.xcdatamodel; path = DesafioAppContas.xcdatamodel; sourceTree = "<group>"; };
		03CC861E29918D610003D60F /* Assets.xcassets */ = {isa = PBXFileReference; lastKnownFileType = folder.assetcatalog; path = Assets.xcassets; sourceTree = "<group>"; };
		03CC862129918D610003D60F /* Base */ = {isa = PBXFileReference; lastKnownFileType = file.storyboard; name = Base; path = Base.lproj/LaunchScreen.storyboard; sourceTree = "<group>"; };
		03CC862329918D610003D60F /* Info.plist */ = {isa = PBXFileReference; lastKnownFileType = text.plist.xml; path = Info.plist; sourceTree = "<group>"; };
		03CC862829918D610003D60F /* DesafioAppContasTests.xctest */ = {isa = PBXFileReference; explicitFileType = wrapper.cfbundle; includeInIndex = 0; path = DesafioAppContasTests.xctest; sourceTree = BUILT_PRODUCTS_DIR; };
		03CC862C29918D610003D60F /* DesafioAppContasTests.swift */ = {isa = PBXFileReference; lastKnownFileType = sourcecode.swift; path = DesafioAppContasTests.swift; sourceTree = "<group>"; };
		03CC863229918D610003D60F /* DesafioAppContasUITests.xctest */ = {isa = PBXFileReference; explicitFileType = wrapper.cfbundle; includeInIndex = 0; path = DesafioAppContasUITests.xctest; sourceTree = BUILT_PRODUCTS_DIR; };
		03CC863629918D610003D60F /* DesafioAppContasUITests.swift */ = {isa = PBXFileReference; lastKnownFileType = sourcecode.swift; path = DesafioAppContasUITests.swift; sourceTree = "<group>"; };
		03CC863829918D610003D60F /* DesafioAppContasUITestsLaunchTests.swift */ = {isa = PBXFileReference; lastKnownFileType = sourcecode.swift; path = DesafioAppContasUITestsLaunchTests.swift; sourceTree = "<group>"; };
		03CC864C29919AC30003D60F /* GoogleService-Info.plist */ = {isa = PBXFileReference; fileEncoding = 4; lastKnownFileType = text.plist.xml; path = "GoogleService-Info.plist"; sourceTree = "<group>"; };
/* End PBXFileReference section */

/* Begin PBXFrameworksBuildPhase section */
		03CC860C29918D5F0003D60F /* Frameworks */ = {
			isa = PBXFrameworksBuildPhase;
			buildActionMask = 2147483647;
			files = (
				03CC865029919B590003D60F /* FirebaseAnalytics in Frameworks */,
				03CC865229919B590003D60F /* FirebaseAuth in Frameworks */,
				03CC865429919B5A0003D60F /* FirebaseFirestore in Frameworks */,
			);
			runOnlyForDeploymentPostprocessing = 0;
		};
		03CC862529918D610003D60F /* Frameworks */ = {
			isa = PBXFrameworksBuildPhase;
			buildActionMask = 2147483647;
			files = (
			);
			runOnlyForDeploymentPostprocessing = 0;
		};
		03CC862F29918D610003D60F /* Frameworks */ = {
			isa = PBXFrameworksBuildPhase;
			buildActionMask = 2147483647;
			files = (
			);
			runOnlyForDeploymentPostprocessing = 0;
		};
/* End PBXFrameworksBuildPhase section */

/* Begin PBXGroup section */
		03CC860629918D5F0003D60F = {
			isa = PBXGroup;
			children = (
				03CC861129918D5F0003D60F /* DesafioAppContas */,
				03CC862B29918D610003D60F /* DesafioAppContasTests */,
				03CC863529918D610003D60F /* DesafioAppContasUITests */,
				03CC861029918D5F0003D60F /* Products */,
			);
			sourceTree = "<group>";
		};
		03CC861029918D5F0003D60F /* Products */ = {
			isa = PBXGroup;
			children = (
				03CC860F29918D5F0003D60F /* DesafioAppContas.app */,
				03CC862829918D610003D60F /* DesafioAppContasTests.xctest */,
				03CC863229918D610003D60F /* DesafioAppContasUITests.xctest */,
			);
			name = Products;
			sourceTree = "<group>";
		};
		03CC861129918D5F0003D60F /* DesafioAppContas */ = {
			isa = PBXGroup;
			children = (
				03CC8646299191370003D60F /* Source */,
				03CC864529918E040003D60F /* Resources */,
				03CC861B29918D5F0003D60F /* DesafioAppContas.xcdatamodeld */,
			);
			path = DesafioAppContas;
			sourceTree = "<group>";
		};
		03CC862B29918D610003D60F /* DesafioAppContasTests */ = {
			isa = PBXGroup;
			children = (
				03CC862C29918D610003D60F /* DesafioAppContasTests.swift */,
			);
			path = DesafioAppContasTests;
			sourceTree = "<group>";
		};
		03CC863529918D610003D60F /* DesafioAppContasUITests */ = {
			isa = PBXGroup;
			children = (
				03CC863629918D610003D60F /* DesafioAppContasUITests.swift */,
				03CC863829918D610003D60F /* DesafioAppContasUITestsLaunchTests.swift */,
			);
			path = DesafioAppContasUITests;
			sourceTree = "<group>";
		};
		03CC864529918E040003D60F /* Resources */ = {
			isa = PBXGroup;
			children = (
				03CC861E29918D610003D60F /* Assets.xcassets */,
				03CC862029918D610003D60F /* LaunchScreen.storyboard */,
				03CC862329918D610003D60F /* Info.plist */,
				03CC864C29919AC30003D60F /* GoogleService-Info.plist */,
			);
			path = Resources;
			sourceTree = "<group>";
		};
		03CC8646299191370003D60F /* Source */ = {
			isa = PBXGroup;
			children = (
				03CC8649299192600003D60F /* Feature */,
				03CC8648299191580003D60F /* AppDelegate */,
				03CC8647299191470003D60F /* SceneDelegate */,
			);
			path = Source;
			sourceTree = "<group>";
		};
		03CC8647299191470003D60F /* SceneDelegate */ = {
			isa = PBXGroup;
			children = (
				03CC861429918D5F0003D60F /* SceneDelegate.swift */,
			);
			path = SceneDelegate;
			sourceTree = "<group>";
		};
		03CC8648299191580003D60F /* AppDelegate */ = {
			isa = PBXGroup;
			children = (
				03CC861229918D5F0003D60F /* AppDelegate.swift */,
			);
			path = AppDelegate;
			sourceTree = "<group>";
		};
		03CC8649299192600003D60F /* Feature */ = {
			isa = PBXGroup;
			children = (
				03CC864A2991926D0003D60F /* Home */,
			);
			path = Feature;
			sourceTree = "<group>";
		};
		03CC864A2991926D0003D60F /* Home */ = {
			isa = PBXGroup;
			children = (
				03CC864B299192780003D60F /* VC */,
			);
			path = Home;
			sourceTree = "<group>";
		};
		03CC864B299192780003D60F /* VC */ = {
			isa = PBXGroup;
			children = (
				03CC861629918D5F0003D60F /* HomeVC.swift */,
			);
			path = VC;
			sourceTree = "<group>";
		};
/* End PBXGroup section */

/* Begin PBXNativeTarget section */
		03CC860E29918D5F0003D60F /* DesafioAppContas */ = {
			isa = PBXNativeTarget;
			buildConfigurationList = 03CC863C29918D610003D60F /* Build configuration list for PBXNativeTarget "DesafioAppContas" */;
			buildPhases = (
				03CC860B29918D5F0003D60F /* Sources */,
				03CC860C29918D5F0003D60F /* Frameworks */,
				03CC860D29918D5F0003D60F /* Resources */,
			);
			buildRules = (
			);
			dependencies = (
			);
			name = DesafioAppContas;
			packageProductDependencies = (
				03CC864F29919B590003D60F /* FirebaseAnalytics */,
				03CC865129919B590003D60F /* FirebaseAuth */,
				03CC865329919B590003D60F /* FirebaseFirestore */,
			);
			productName = DesafioAppContas;
			productReference = 03CC860F29918D5F0003D60F /* DesafioAppContas.app */;
			productType = "com.apple.product-type.application";
		};
		03CC862729918D610003D60F /* DesafioAppContasTests */ = {
			isa = PBXNativeTarget;
			buildConfigurationList = 03CC863F29918D610003D60F /* Build configuration list for PBXNativeTarget "DesafioAppContasTests" */;
			buildPhases = (
				03CC862429918D610003D60F /* Sources */,
				03CC862529918D610003D60F /* Frameworks */,
				03CC862629918D610003D60F /* Resources */,
			);
			buildRules = (
			);
			dependencies = (
				03CC862A29918D610003D60F /* PBXTargetDependency */,
			);
			name = DesafioAppContasTests;
			productName = DesafioAppContasTests;
			productReference = 03CC862829918D610003D60F /* DesafioAppContasTests.xctest */;
			productType = "com.apple.product-type.bundle.unit-test";
		};
		03CC863129918D610003D60F /* DesafioAppContasUITests */ = {
			isa = PBXNativeTarget;
			buildConfigurationList = 03CC864229918D610003D60F /* Build configuration list for PBXNativeTarget "DesafioAppContasUITests" */;
			buildPhases = (
				03CC862E29918D610003D60F /* Sources */,
				03CC862F29918D610003D60F /* Frameworks */,
				03CC863029918D610003D60F /* Resources */,
			);
			buildRules = (
			);
			dependencies = (
				03CC863429918D610003D60F /* PBXTargetDependency */,
			);
			name = DesafioAppContasUITests;
			productName = DesafioAppContasUITests;
			productReference = 03CC863229918D610003D60F /* DesafioAppContasUITests.xctest */;
			productType = "com.apple.product-type.bundle.ui-testing";
		};
/* End PBXNativeTarget section */

/* Begin PBXProject section */
		03CC860729918D5F0003D60F /* Project object */ = {
			isa = PBXProject;
			attributes = {
				BuildIndependentTargetsInParallel = 1;
				LastSwiftUpdateCheck = 1420;
				LastUpgradeCheck = 1420;
				TargetAttributes = {
					03CC860E29918D5F0003D60F = {
						CreatedOnToolsVersion = 14.2;
					};
					03CC862729918D610003D60F = {
						CreatedOnToolsVersion = 14.2;
						TestTargetID = 03CC860E29918D5F0003D60F;
					};
					03CC863129918D610003D60F = {
						CreatedOnToolsVersion = 14.2;
						TestTargetID = 03CC860E29918D5F0003D60F;
					};
				};
			};
			buildConfigurationList = 03CC860A29918D5F0003D60F /* Build configuration list for PBXProject "DesafioAppContas" */;
			compatibilityVersion = "Xcode 14.0";
			developmentRegion = en;
			hasScannedForEncodings = 0;
			knownRegions = (
				en,
				Base,
			);
			mainGroup = 03CC860629918D5F0003D60F;
			packageReferences = (
				03CC864E29919B590003D60F /* XCRemoteSwiftPackageReference "firebase-ios-sdk" */,
			);
			productRefGroup = 03CC861029918D5F0003D60F /* Products */;
			projectDirPath = "";
			projectRoot = "";
			targets = (
				03CC860E29918D5F0003D60F /* DesafioAppContas */,
				03CC862729918D610003D60F /* DesafioAppContasTests */,
				03CC863129918D610003D60F /* DesafioAppContasUITests */,
			);
		};
/* End PBXProject section */

/* Begin PBXResourcesBuildPhase section */
		03CC860D29918D5F0003D60F /* Resources */ = {
			isa = PBXResourcesBuildPhase;
			buildActionMask = 2147483647;
			files = (
				03CC864D29919AC30003D60F /* GoogleService-Info.plist in Resources */,
				03CC862229918D610003D60F /* LaunchScreen.storyboard in Resources */,
				03CC861F29918D610003D60F /* Assets.xcassets in Resources */,
			);
			runOnlyForDeploymentPostprocessing = 0;
		};
		03CC862629918D610003D60F /* Resources */ = {
			isa = PBXResourcesBuildPhase;
			buildActionMask = 2147483647;
			files = (
			);
			runOnlyForDeploymentPostprocessing = 0;
		};
		03CC863029918D610003D60F /* Resources */ = {
			isa = PBXResourcesBuildPhase;
			buildActionMask = 2147483647;
			files = (
			);
			runOnlyForDeploymentPostprocessing = 0;
		};
/* End PBXResourcesBuildPhase section */

/* Begin PBXSourcesBuildPhase section */
		03CC860B29918D5F0003D60F /* Sources */ = {
			isa = PBXSourcesBuildPhase;
			buildActionMask = 2147483647;
			files = (
				03CC861729918D5F0003D60F /* HomeVC.swift in Sources */,
				03CC861D29918D5F0003D60F /* DesafioAppContas.xcdatamodeld in Sources */,
				03CC861329918D5F0003D60F /* AppDelegate.swift in Sources */,
				03CC861529918D5F0003D60F /* SceneDelegate.swift in Sources */,
			);
			runOnlyForDeploymentPostprocessing = 0;
		};
		03CC862429918D610003D60F /* Sources */ = {
			isa = PBXSourcesBuildPhase;
			buildActionMask = 2147483647;
			files = (
				03CC862D29918D610003D60F /* DesafioAppContasTests.swift in Sources */,
			);
			runOnlyForDeploymentPostprocessing = 0;
		};
		03CC862E29918D610003D60F /* Sources */ = {
			isa = PBXSourcesBuildPhase;
			buildActionMask = 2147483647;
			files = (
				03CC863929918D610003D60F /* DesafioAppContasUITestsLaunchTests.swift in Sources */,
				03CC863729918D610003D60F /* DesafioAppContasUITests.swift in Sources */,
			);
			runOnlyForDeploymentPostprocessing = 0;
		};
/* End PBXSourcesBuildPhase section */

/* Begin PBXTargetDependency section */
		03CC862A29918D610003D60F /* PBXTargetDependency */ = {
			isa = PBXTargetDependency;
			target = 03CC860E29918D5F0003D60F /* DesafioAppContas */;
			targetProxy = 03CC862929918D610003D60F /* PBXContainerItemProxy */;
		};
		03CC863429918D610003D60F /* PBXTargetDependency */ = {
			isa = PBXTargetDependency;
			target = 03CC860E29918D5F0003D60F /* DesafioAppContas */;
			targetProxy = 03CC863329918D610003D60F /* PBXContainerItemProxy */;
		};
/* End PBXTargetDependency section */

/* Begin PBXVariantGroup section */
		03CC862029918D610003D60F /* LaunchScreen.storyboard */ = {
			isa = PBXVariantGroup;
			children = (
				03CC862129918D610003D60F /* Base */,
			);
			name = LaunchScreen.storyboard;
			sourceTree = "<group>";
		};
/* End PBXVariantGroup section */

/* Begin XCBuildConfiguration section */
		03CC863A29918D610003D60F /* Debug */ = {
			isa = XCBuildConfiguration;
			buildSettings = {
				ALWAYS_SEARCH_USER_PATHS = NO;
				CLANG_ANALYZER_NONNULL = YES;
				CLANG_ANALYZER_NUMBER_OBJECT_CONVERSION = YES_AGGRESSIVE;
				CLANG_CXX_LANGUAGE_STANDARD = "gnu++20";
				CLANG_ENABLE_MODULES = YES;
				CLANG_ENABLE_OBJC_ARC = YES;
				CLANG_ENABLE_OBJC_WEAK = YES;
				CLANG_WARN_BLOCK_CAPTURE_AUTORELEASING = YES;
				CLANG_WARN_BOOL_CONVERSION = YES;
				CLANG_WARN_COMMA = YES;
				CLANG_WARN_CONSTANT_CONVERSION = YES;
				CLANG_WARN_DEPRECATED_OBJC_IMPLEMENTATIONS = YES;
				CLANG_WARN_DIRECT_OBJC_ISA_USAGE = YES_ERROR;
				CLANG_WARN_DOCUMENTATION_COMMENTS = YES;
				CLANG_WARN_EMPTY_BODY = YES;
				CLANG_WARN_ENUM_CONVERSION = YES;
				CLANG_WARN_INFINITE_RECURSION = YES;
				CLANG_WARN_INT_CONVERSION = YES;
				CLANG_WARN_NON_LITERAL_NULL_CONVERSION = YES;
				CLANG_WARN_OBJC_IMPLICIT_RETAIN_SELF = YES;
				CLANG_WARN_OBJC_LITERAL_CONVERSION = YES;
				CLANG_WARN_OBJC_ROOT_CLASS = YES_ERROR;
				CLANG_WARN_QUOTED_INCLUDE_IN_FRAMEWORK_HEADER = YES;
				CLANG_WARN_RANGE_LOOP_ANALYSIS = YES;
				CLANG_WARN_STRICT_PROTOTYPES = YES;
				CLANG_WARN_SUSPICIOUS_MOVE = YES;
				CLANG_WARN_UNGUARDED_AVAILABILITY = YES_AGGRESSIVE;
				CLANG_WARN_UNREACHABLE_CODE = YES;
				CLANG_WARN__DUPLICATE_METHOD_MATCH = YES;
				COPY_PHASE_STRIP = NO;
				DEBUG_INFORMATION_FORMAT = dwarf;
				ENABLE_STRICT_OBJC_MSGSEND = YES;
				ENABLE_TESTABILITY = YES;
				GCC_C_LANGUAGE_STANDARD = gnu11;
				GCC_DYNAMIC_NO_PIC = NO;
				GCC_NO_COMMON_BLOCKS = YES;
				GCC_OPTIMIZATION_LEVEL = 0;
				GCC_PREPROCESSOR_DEFINITIONS = (
					"DEBUG=1",
					"$(inherited)",
				);
				GCC_WARN_64_TO_32_BIT_CONVERSION = YES;
				GCC_WARN_ABOUT_RETURN_TYPE = YES_ERROR;
				GCC_WARN_UNDECLARED_SELECTOR = YES;
				GCC_WARN_UNINITIALIZED_AUTOS = YES_AGGRESSIVE;
				GCC_WARN_UNUSED_FUNCTION = YES;
				GCC_WARN_UNUSED_VARIABLE = YES;
				IPHONEOS_DEPLOYMENT_TARGET = 16.2;
				MTL_ENABLE_DEBUG_INFO = INCLUDE_SOURCE;
				MTL_FAST_MATH = YES;
				ONLY_ACTIVE_ARCH = YES;
				SDKROOT = iphoneos;
				SWIFT_ACTIVE_COMPILATION_CONDITIONS = DEBUG;
				SWIFT_OPTIMIZATION_LEVEL = "-Onone";
			};
			name = Debug;
		};
		03CC863B29918D610003D60F /* Release */ = {
			isa = XCBuildConfiguration;
			buildSettings = {
				ALWAYS_SEARCH_USER_PATHS = NO;
				CLANG_ANALYZER_NONNULL = YES;
				CLANG_ANALYZER_NUMBER_OBJECT_CONVERSION = YES_AGGRESSIVE;
				CLANG_CXX_LANGUAGE_STANDARD = "gnu++20";
				CLANG_ENABLE_MODULES = YES;
				CLANG_ENABLE_OBJC_ARC = YES;
				CLANG_ENABLE_OBJC_WEAK = YES;
				CLANG_WARN_BLOCK_CAPTURE_AUTORELEASING = YES;
				CLANG_WARN_BOOL_CONVERSION = YES;
				CLANG_WARN_COMMA = YES;
				CLANG_WARN_CONSTANT_CONVERSION = YES;
				CLANG_WARN_DEPRECATED_OBJC_IMPLEMENTATIONS = YES;
				CLANG_WARN_DIRECT_OBJC_ISA_USAGE = YES_ERROR;
				CLANG_WARN_DOCUMENTATION_COMMENTS = YES;
				CLANG_WARN_EMPTY_BODY = YES;
				CLANG_WARN_ENUM_CONVERSION = YES;
				CLANG_WARN_INFINITE_RECURSION = YES;
				CLANG_WARN_INT_CONVERSION = YES;
				CLANG_WARN_NON_LITERAL_NULL_CONVERSION = YES;
				CLANG_WARN_OBJC_IMPLICIT_RETAIN_SELF = YES;
				CLANG_WARN_OBJC_LITERAL_CONVERSION = YES;
				CLANG_WARN_OBJC_ROOT_CLASS = YES_ERROR;
				CLANG_WARN_QUOTED_INCLUDE_IN_FRAMEWORK_HEADER = YES;
				CLANG_WARN_RANGE_LOOP_ANALYSIS = YES;
				CLANG_WARN_STRICT_PROTOTYPES = YES;
				CLANG_WARN_SUSPICIOUS_MOVE = YES;
				CLANG_WARN_UNGUARDED_AVAILABILITY = YES_AGGRESSIVE;
				CLANG_WARN_UNREACHABLE_CODE = YES;
				CLANG_WARN__DUPLICATE_METHOD_MATCH = YES;
				COPY_PHASE_STRIP = NO;
				DEBUG_INFORMATION_FORMAT = "dwarf-with-dsym";
				ENABLE_NS_ASSERTIONS = NO;
				ENABLE_STRICT_OBJC_MSGSEND = YES;
				GCC_C_LANGUAGE_STANDARD = gnu11;
				GCC_NO_COMMON_BLOCKS = YES;
				GCC_WARN_64_TO_32_BIT_CONVERSION = YES;
				GCC_WARN_ABOUT_RETURN_TYPE = YES_ERROR;
				GCC_WARN_UNDECLARED_SELECTOR = YES;
				GCC_WARN_UNINITIALIZED_AUTOS = YES_AGGRESSIVE;
				GCC_WARN_UNUSED_FUNCTION = YES;
				GCC_WARN_UNUSED_VARIABLE = YES;
				IPHONEOS_DEPLOYMENT_TARGET = 16.2;
				MTL_ENABLE_DEBUG_INFO = NO;
				MTL_FAST_MATH = YES;
				SDKROOT = iphoneos;
				SWIFT_COMPILATION_MODE = wholemodule;
				SWIFT_OPTIMIZATION_LEVEL = "-O";
				VALIDATE_PRODUCT = YES;
			};
			name = Release;
		};
		03CC863D29918D610003D60F /* Debug */ = {
			isa = XCBuildConfiguration;
			buildSettings = {
				ASSETCATALOG_COMPILER_APPICON_NAME = AppIcon;
				ASSETCATALOG_COMPILER_GLOBAL_ACCENT_COLOR_NAME = AccentColor;
				CODE_SIGN_STYLE = Automatic;
				CURRENT_PROJECT_VERSION = 1;
				DEVELOPMENT_TEAM = X24P9DA2X5;
				GENERATE_INFOPLIST_FILE = YES;
				INFOPLIST_FILE = DesafioAppContas/Resources/Info.plist;
				INFOPLIST_KEY_UIApplicationSupportsIndirectInputEvents = YES;
				INFOPLIST_KEY_UILaunchStoryboardName = LaunchScreen;
				INFOPLIST_KEY_UIMainStoryboardFile = "";
				INFOPLIST_KEY_UISupportedInterfaceOrientations_iPad = "UIInterfaceOrientationPortrait UIInterfaceOrientationPortraitUpsideDown UIInterfaceOrientationLandscapeLeft UIInterfaceOrientationLandscapeRight";
				INFOPLIST_KEY_UISupportedInterfaceOrientations_iPhone = "UIInterfaceOrientationPortrait UIInterfaceOrientationLandscapeLeft UIInterfaceOrientationLandscapeRight";
				LD_RUNPATH_SEARCH_PATHS = (
					"$(inherited)",
					"@executable_path/Frameworks",
				);
				MARKETING_VERSION = 1.0;
				PRODUCT_BUNDLE_IDENTIFIER = appContas.DesafioAppContas;
				PRODUCT_NAME = "$(TARGET_NAME)";
				SUPPORTED_PLATFORMS = "iphoneos iphonesimulator";
				SUPPORTS_MACCATALYST = NO;
				SUPPORTS_MAC_DESIGNED_FOR_IPHONE_IPAD = NO;
				SWIFT_EMIT_LOC_STRINGS = YES;
				SWIFT_VERSION = 5.0;
				TARGETED_DEVICE_FAMILY = "1,2";
			};
			name = Debug;
		};
		03CC863E29918D610003D60F /* Release */ = {
			isa = XCBuildConfiguration;
			buildSettings = {
				ASSETCATALOG_COMPILER_APPICON_NAME = AppIcon;
				ASSETCATALOG_COMPILER_GLOBAL_ACCENT_COLOR_NAME = AccentColor;
				CODE_SIGN_STYLE = Automatic;
				CURRENT_PROJECT_VERSION = 1;
				DEVELOPMENT_TEAM = X24P9DA2X5;
				GENERATE_INFOPLIST_FILE = YES;
				INFOPLIST_FILE = DesafioAppContas/Resources/Info.plist;
				INFOPLIST_KEY_UIApplicationSupportsIndirectInputEvents = YES;
				INFOPLIST_KEY_UILaunchStoryboardName = LaunchScreen;
				INFOPLIST_KEY_UIMainStoryboardFile = "";
				INFOPLIST_KEY_UISupportedInterfaceOrientations_iPad = "UIInterfaceOrientationPortrait UIInterfaceOrientationPortraitUpsideDown UIInterfaceOrientationLandscapeLeft UIInterfaceOrientationLandscapeRight";
				INFOPLIST_KEY_UISupportedInterfaceOrientations_iPhone = "UIInterfaceOrientationPortrait UIInterfaceOrientationLandscapeLeft UIInterfaceOrientationLandscapeRight";
				LD_RUNPATH_SEARCH_PATHS = (
					"$(inherited)",
					"@executable_path/Frameworks",
				);
				MARKETING_VERSION = 1.0;
				PRODUCT_BUNDLE_IDENTIFIER = appContas.DesafioAppContas;
				PRODUCT_NAME = "$(TARGET_NAME)";
				SUPPORTED_PLATFORMS = "iphoneos iphonesimulator";
				SUPPORTS_MACCATALYST = NO;
				SUPPORTS_MAC_DESIGNED_FOR_IPHONE_IPAD = NO;
				SWIFT_EMIT_LOC_STRINGS = YES;
				SWIFT_VERSION = 5.0;
				TARGETED_DEVICE_FAMILY = "1,2";
			};
			name = Release;
		};
		03CC864029918D610003D60F /* Debug */ = {
			isa = XCBuildConfiguration;
			buildSettings = {
				ALWAYS_EMBED_SWIFT_STANDARD_LIBRARIES = YES;
				BUNDLE_LOADER = "$(TEST_HOST)";
				CODE_SIGN_STYLE = Automatic;
				CURRENT_PROJECT_VERSION = 1;
				DEVELOPMENT_TEAM = X24P9DA2X5;
				GENERATE_INFOPLIST_FILE = YES;
				IPHONEOS_DEPLOYMENT_TARGET = 16.2;
				MARKETING_VERSION = 1.0;
				PRODUCT_BUNDLE_IDENTIFIER = appContas.DesafioAppContasTests;
				PRODUCT_NAME = "$(TARGET_NAME)";
				SWIFT_EMIT_LOC_STRINGS = NO;
				SWIFT_VERSION = 5.0;
				TARGETED_DEVICE_FAMILY = "1,2";
				TEST_HOST = "$(BUILT_PRODUCTS_DIR)/DesafioAppContas.app/$(BUNDLE_EXECUTABLE_FOLDER_PATH)/DesafioAppContas";
			};
			name = Debug;
		};
		03CC864129918D610003D60F /* Release */ = {
			isa = XCBuildConfiguration;
			buildSettings = {
				ALWAYS_EMBED_SWIFT_STANDARD_LIBRARIES = YES;
				BUNDLE_LOADER = "$(TEST_HOST)";
				CODE_SIGN_STYLE = Automatic;
				CURRENT_PROJECT_VERSION = 1;
				DEVELOPMENT_TEAM = X24P9DA2X5;
				GENERATE_INFOPLIST_FILE = YES;
				IPHONEOS_DEPLOYMENT_TARGET = 16.2;
				MARKETING_VERSION = 1.0;
				PRODUCT_BUNDLE_IDENTIFIER = appContas.DesafioAppContasTests;
				PRODUCT_NAME = "$(TARGET_NAME)";
				SWIFT_EMIT_LOC_STRINGS = NO;
				SWIFT_VERSION = 5.0;
				TARGETED_DEVICE_FAMILY = "1,2";
				TEST_HOST = "$(BUILT_PRODUCTS_DIR)/DesafioAppContas.app/$(BUNDLE_EXECUTABLE_FOLDER_PATH)/DesafioAppContas";
			};
			name = Release;
		};
		03CC864329918D610003D60F /* Debug */ = {
			isa = XCBuildConfiguration;
			buildSettings = {
				ALWAYS_EMBED_SWIFT_STANDARD_LIBRARIES = YES;
				CODE_SIGN_STYLE = Automatic;
				CURRENT_PROJECT_VERSION = 1;
				DEVELOPMENT_TEAM = X24P9DA2X5;
				GENERATE_INFOPLIST_FILE = YES;
				MARKETING_VERSION = 1.0;
				PRODUCT_BUNDLE_IDENTIFIER = appContas.DesafioAppContasUITests;
				PRODUCT_NAME = "$(TARGET_NAME)";
				SWIFT_EMIT_LOC_STRINGS = NO;
				SWIFT_VERSION = 5.0;
				TARGETED_DEVICE_FAMILY = "1,2";
				TEST_TARGET_NAME = DesafioAppContas;
			};
			name = Debug;
		};
		03CC864429918D610003D60F /* Release */ = {
			isa = XCBuildConfiguration;
			buildSettings = {
				ALWAYS_EMBED_SWIFT_STANDARD_LIBRARIES = YES;
				CODE_SIGN_STYLE = Automatic;
				CURRENT_PROJECT_VERSION = 1;
				DEVELOPMENT_TEAM = X24P9DA2X5;
				GENERATE_INFOPLIST_FILE = YES;
				MARKETING_VERSION = 1.0;
				PRODUCT_BUNDLE_IDENTIFIER = appContas.DesafioAppContasUITests;
				PRODUCT_NAME = "$(TARGET_NAME)";
				SWIFT_EMIT_LOC_STRINGS = NO;
				SWIFT_VERSION = 5.0;
				TARGETED_DEVICE_FAMILY = "1,2";
				TEST_TARGET_NAME = DesafioAppContas;
			};
			name = Release;
		};
/* End XCBuildConfiguration section */

/* Begin XCConfigurationList section */
		03CC860A29918D5F0003D60F /* Build configuration list for PBXProject "DesafioAppContas" */ = {
			isa = XCConfigurationList;
			buildConfigurations = (
				03CC863A29918D610003D60F /* Debug */,
				03CC863B29918D610003D60F /* Release */,
			);
			defaultConfigurationIsVisible = 0;
			defaultConfigurationName = Release;
		};
		03CC863C29918D610003D60F /* Build configuration list for PBXNativeTarget "DesafioAppContas" */ = {
			isa = XCConfigurationList;
			buildConfigurations = (
				03CC863D29918D610003D60F /* Debug */,
				03CC863E29918D610003D60F /* Release */,
			);
			defaultConfigurationIsVisible = 0;
			defaultConfigurationName = Release;
		};
		03CC863F29918D610003D60F /* Build configuration list for PBXNativeTarget "DesafioAppContasTests" */ = {
			isa = XCConfigurationList;
			buildConfigurations = (
				03CC864029918D610003D60F /* Debug */,
				03CC864129918D610003D60F /* Release */,
			);
			defaultConfigurationIsVisible = 0;
			defaultConfigurationName = Release;
		};
		03CC864229918D610003D60F /* Build configuration list for PBXNativeTarget "DesafioAppContasUITests" */ = {
			isa = XCConfigurationList;
			buildConfigurations = (
				03CC864329918D610003D60F /* Debug */,
				03CC864429918D610003D60F /* Release */,
			);
			defaultConfigurationIsVisible = 0;
			defaultConfigurationName = Release;
		};
/* End XCConfigurationList section */

/* Begin XCRemoteSwiftPackageReference section */
		03CC864E29919B590003D60F /* XCRemoteSwiftPackageReference "firebase-ios-sdk" */ = {
			isa = XCRemoteSwiftPackageReference;
			repositoryURL = "https://github.com/firebase/firebase-ios-sdk";
			requirement = {
				branch = master;
				kind = branch;
			};
		};
/* End XCRemoteSwiftPackageReference section */

/* Begin XCSwiftPackageProductDependency section */
		03CC864F29919B590003D60F /* FirebaseAnalytics */ = {
			isa = XCSwiftPackageProductDependency;
			package = 03CC864E29919B590003D60F /* XCRemoteSwiftPackageReference "firebase-ios-sdk" */;
			productName = FirebaseAnalytics;
		};
		03CC865129919B590003D60F /* FirebaseAuth */ = {
			isa = XCSwiftPackageProductDependency;
			package = 03CC864E29919B590003D60F /* XCRemoteSwiftPackageReference "firebase-ios-sdk" */;
			productName = FirebaseAuth;
		};
		03CC865329919B590003D60F /* FirebaseFirestore */ = {
			isa = XCSwiftPackageProductDependency;
			package = 03CC864E29919B590003D60F /* XCRemoteSwiftPackageReference "firebase-ios-sdk" */;
			productName = FirebaseFirestore;
		};
/* End XCSwiftPackageProductDependency section */

/* Begin XCVersionGroup section */
		03CC861B29918D5F0003D60F /* DesafioAppContas.xcdatamodeld */ = {
			isa = XCVersionGroup;
			children = (
				03CC861C29918D5F0003D60F /* DesafioAppContas.xcdatamodel */,
			);
			currentVersion = 03CC861C29918D5F0003D60F /* DesafioAppContas.xcdatamodel */;
			path = DesafioAppContas.xcdatamodeld;
			sourceTree = "<group>";
			versionGroupType = wrapper.xcdatamodel;
		};
/* End XCVersionGroup section */
	};
	rootObject = 03CC860729918D5F0003D60F /* Project object */;
}
